
Microsoft Visual Studio Solution File, Format Version 12.00
# Visual Studio Version 17
VisualStudioVersion = 17.5.33209.295
MinimumVisualStudioVersion = 10.0.40219.1
Project("{FAE04EC0-301F-11D3-BF4B-00C04F79EFBC}") = "CopyRightPDF", "CopyRightPDF\CopyRightPDF.csproj", "{09E6FF50-2180-420B-9516-6834D6610153}"
EndProject
Project("{FAE04EC0-301F-11D3-BF4B-00C04F79EFBC}") = "CopyRightPDF.Core", "CopyRightPDF.Core\CopyRightPDF.Core.csproj", "{8392D062-43F7-48F9-929B-31C9C05C387E}"
EndProject
Project("{9A19103F-16F7-4668-BE54-9A1E7A4F7556}") = "CopyRightPDF.Viewer.Mobile", "CopyRightPDF.Viewer.Mobile\CopyRightPDF.Viewer.Mobile.csproj", "{6C7ED0FE-6EFC-49DA-89C2-89EBA63EC828}"
EndProject
Global
	GlobalSection(SolutionConfigurationPlatforms) = preSolution
		Debug|Any CPU = Debug|Any CPU
		Release|Any CPU = Release|Any CPU
	EndGlobalSection
	GlobalSection(ProjectConfigurationPlatforms) = postSolution
		{09E6FF50-2180-420B-9516-6834D6610153}.Debug|Any CPU.ActiveCfg = Debug|Any CPU
		{09E6FF50-2180-420B-9516-6834D6610153}.Debug|Any CPU.Build.0 = Debug|Any CPU
		{09E6FF50-2180-420B-9516-6834D6610153}.Release|Any CPU.ActiveCfg = Release|Any CPU
		{09E6FF50-2180-420B-9516-6834D6610153}.Release|Any CPU.Build.0 = Release|Any CPU
		{8392D062-43F7-48F9-929B-31C9C05C387E}.Debug|Any CPU.ActiveCfg = Debug|Any CPU
		{8392D062-43F7-48F9-929B-31C9C05C387E}.Debug|Any CPU.Build.0 = Debug|Any CPU
		{8392D062-43F7-48F9-929B-31C9C05C387E}.Release|Any CPU.ActiveCfg = Release|Any CPU
		{8392D062-43F7-48F9-929B-31C9C05C387E}.Release|Any CPU.Build.0 = Release|Any CPU
		{6C7ED0FE-6EFC-49DA-89C2-89EBA63EC828}.Debug|Any CPU.ActiveCfg = Debug|Any CPU
		{6C7ED0FE-6EFC-49DA-89C2-89EBA63EC828}.Debug|Any CPU.Build.0 = Debug|Any CPU
		{6C7ED0FE-6EFC-49DA-89C2-89EBA63EC828}.Debug|Any CPU.Deploy.0 = Debug|Any CPU
		{6C7ED0FE-6EFC-49DA-89C2-89EBA63EC828}.Release|Any CPU.ActiveCfg = Release|Any CPU
		{6C7ED0FE-6EFC-49DA-89C2-89EBA63EC828}.Release|Any CPU.Build.0 = Release|Any CPU
		{6C7ED0FE-6EFC-49DA-89C2-89EBA63EC828}.Release|Any CPU.Deploy.0 = Release|Any CPU
	EndGlobalSection
	GlobalSection(SolutionProperties) = preSolution
		HideSolutionNode = FALSE
	EndGlobalSection
	GlobalSection(ExtensibilityGlobals) = postSolution
		SolutionGuid = {77469185-A661-4A18-87CF-C48DE901CAB3}
	EndGlobalSection
EndGlobal
